
Microsoft Visual Studio Solution File, Format Version 12.00
# Visual Studio Version 17
VisualStudioVersion = 17.14.36414.22 d17.14
MinimumVisualStudioVersion = 10.0.40219.1
Project("{8BC9CEB8-8B4A-11D0-8D11-00A0C91BC942}") = "YoloGuard", "YoloGuard\YoloGuard.vcxproj", "{68EE2AAF-44D8-47F0-8BE0-966C47CFDE88}"
EndProject
Global
	GlobalSection(SolutionConfigurationPlatforms) = preSolution
		Debug|x64 = Debug|x64
		Release|x64 = Release|x64
	EndGlobalSection
	GlobalSection(ProjectConfigurationPlatforms) = postSolution
		{68EE2AAF-44D8-47F0-8BE0-966C47CFDE88}.Debug|x64.ActiveCfg = Debug|x64
		{68EE2AAF-44D8-47F0-8BE0-966C47CFDE88}.Debug|x64.Build.0 = Debug|x64
		{68EE2AAF-44D8-47F0-8BE0-966C47CFDE88}.Release|x64.ActiveCfg = Release|x64
		{68EE2AAF-44D8-47F0-8BE0-966C47CFDE88}.Release|x64.Build.0 = Release|x64
	EndGlobalSection
	GlobalSection(SolutionProperties) = preSolution
		HideSolutionNode = FALSE
	EndGlobalSection
	GlobalSection(ExtensibilityGlobals) = postSolution
		SolutionGuid = {8C7B4AED-66C6-46AD-B1DB-DFBD72FBBFC8}
	EndGlobalSection
EndGlobal
